
Microsoft Visual Studio Solution File, Format Version 12.00
# Visual Studio Version 17
VisualStudioVersion = 17.0.31903.59
MinimumVisualStudioVersion = 10.0.40219.1
Project("{2150E333-8FDC-42A3-9474-1A3956D46DE8}") = "src", "src", "{827E0CD3-B72D-47B6-A68D-7590B98EB39B}"
EndProject
Project("{FAE04EC0-301F-11D3-BF4B-00C04F79EFBC}") = "SubscriptionBilling.Domain", "src\SubscriptionBilling.Domain\SubscriptionBilling.Domain.csproj", "{2A1AAD08-DC03-454F-8C8D-82AC9A8A44CE}"
EndProject
Project("{FAE04EC0-301F-11D3-BF4B-00C04F79EFBC}") = "SubscriptionBilling.Application", "src\SubscriptionBilling.Application\SubscriptionBilling.Application.csproj", "{4E1C3DFA-03ED-4797-A6A1-47415D6FB660}"
EndProject
Project("{FAE04EC0-301F-11D3-BF4B-00C04F79EFBC}") = "SubscriptionBilling.Infrastructure", "src\SubscriptionBilling.Infrastructure\SubscriptionBilling.Infrastructure.csproj", "{2179ECAB-3FC9-4BBA-8A11-F46A116881A5}"
EndProject
Project("{FAE04EC0-301F-11D3-BF4B-00C04F79EFBC}") = "SubscriptionBilling.Api", "src\SubscriptionBilling.Api\SubscriptionBilling.Api.csproj", "{2AE97A26-AC69-4DE5-88EC-65AAF1B36EC1}"
EndProject
Project("{2150E333-8FDC-42A3-9474-1A3956D46DE8}") = "tests", "tests", "{0AB3BF05-4346-4AA6-1389-037BE0695223}"
EndProject
Project("{FAE04EC0-301F-11D3-BF4B-00C04F79EFBC}") = "SubscriptionBilling.Domain.Tests", "tests\SubscriptionBilling.Domain.Tests\SubscriptionBilling.Domain.Tests.csproj", "{8DCF819A-A55D-4A61-A6EE-B300FB2D1BDC}"
EndProject
Global
	GlobalSection(SolutionConfigurationPlatforms) = preSolution
		Debug|Any CPU = Debug|Any CPU
		Debug|x64 = Debug|x64
		Debug|x86 = Debug|x86
		Release|Any CPU = Release|Any CPU
		Release|x64 = Release|x64
		Release|x86 = Release|x86
	EndGlobalSection
	GlobalSection(ProjectConfigurationPlatforms) = postSolution
		{2A1AAD08-DC03-454F-8C8D-82AC9A8A44CE}.Debug|Any CPU.ActiveCfg = Debug|Any CPU
		{2A1AAD08-DC03-454F-8C8D-82AC9A8A44CE}.Debug|Any CPU.Build.0 = Debug|Any CPU
		{2A1AAD08-DC03-454F-8C8D-82AC9A8A44CE}.Debug|x64.ActiveCfg = Debug|Any CPU
		{2A1AAD08-DC03-454F-8C8D-82AC9A8A44CE}.Debug|x64.Build.0 = Debug|Any CPU
		{2A1AAD08-DC03-454F-8C8D-82AC9A8A44CE}.Debug|x86.ActiveCfg = Debug|Any CPU
		{2A1AAD08-DC03-454F-8C8D-82AC9A8A44CE}.Debug|x86.Build.0 = Debug|Any CPU
		{2A1AAD08-DC03-454F-8C8D-82AC9A8A44CE}.Release|Any CPU.ActiveCfg = Release|Any CPU
		{2A1AAD08-DC03-454F-8C8D-82AC9A8A44CE}.Release|Any CPU.Build.0 = Release|Any CPU
		{2A1AAD08-DC03-454F-8C8D-82AC9A8A44CE}.Release|x64.ActiveCfg = Release|Any CPU
		{2A1AAD08-DC03-454F-8C8D-82AC9A8A44CE}.Release|x64.Build.0 = Release|Any CPU
		{2A1AAD08-DC03-454F-8C8D-82AC9A8A44CE}.Release|x86.ActiveCfg = Release|Any CPU
		{2A1AAD08-DC03-454F-8C8D-82AC9A8A44CE}.Release|x86.Build.0 = Release|Any CPU
		{4E1C3DFA-03ED-4797-A6A1-47415D6FB660}.Debug|Any CPU.ActiveCfg = Debug|Any CPU
		{4E1C3DFA-03ED-4797-A6A1-47415D6FB660}.Debug|Any CPU.Build.0 = Debug|Any CPU
		{4E1C3DFA-03ED-4797-A6A1-47415D6FB660}.Debug|x64.ActiveCfg = Debug|Any CPU
		{4E1C3DFA-03ED-4797-A6A1-47415D6FB660}.Debug|x64.Build.0 = Debug|Any CPU
		{4E1C3DFA-03ED-4797-A6A1-47415D6FB660}.Debug|x86.ActiveCfg = Debug|Any CPU
		{4E1C3DFA-03ED-4797-A6A1-47415D6FB660}.Debug|x86.Build.0 = Debug|Any CPU
		{4E1C3DFA-03ED-4797-A6A1-47415D6FB660}.Release|Any CPU.ActiveCfg = Release|Any CPU
		{4E1C3DFA-03ED-4797-A6A1-47415D6FB660}.Release|Any CPU.Build.0 = Release|Any CPU
		{4E1C3DFA-03ED-4797-A6A1-47415D6FB660}.Release|x64.ActiveCfg = Release|Any CPU
		{4E1C3DFA-03ED-4797-A6A1-47415D6FB660}.Release|x64.Build.0 = Release|Any CPU
		{4E1C3DFA-03ED-4797-A6A1-47415D6FB660}.Release|x86.ActiveCfg = Release|Any CPU
		{4E1C3DFA-03ED-4797-A6A1-47415D6FB660}.Release|x86.Build.0 = Release|Any CPU
		{2179ECAB-3FC9-4BBA-8A11-F46A116881A5}.Debug|Any CPU.ActiveCfg = Debug|Any CPU
		{2179ECAB-3FC9-4BBA-8A11-F46A116881A5}.Debug|Any CPU.Build.0 = Debug|Any CPU
		{2179ECAB-3FC9-4BBA-8A11-F46A116881A5}.Debug|x64.ActiveCfg = Debug|Any CPU
		{2179ECAB-3FC9-4BBA-8A11-F46A116881A5}.Debug|x64.Build.0 = Debug|Any CPU
		{2179ECAB-3FC9-4BBA-8A11-F46A116881A5}.Debug|x86.ActiveCfg = Debug|Any CPU
		{2179ECAB-3FC9-4BBA-8A11-F46A116881A5}.Debug|x86.Build.0 = Debug|Any CPU
		{2179ECAB-3FC9-4BBA-8A11-F46A116881A5}.Release|Any CPU.ActiveCfg = Release|Any CPU
		{2179ECAB-3FC9-4BBA-8A11-F46A116881A5}.Release|Any CPU.Build.0 = Release|Any CPU
		{2179ECAB-3FC9-4BBA-8A11-F46A116881A5}.Release|x64.ActiveCfg = Release|Any CPU
		{2179ECAB-3FC9-4BBA-8A11-F46A116881A5}.Release|x64.Build.0 = Release|Any CPU
		{2179ECAB-3FC9-4BBA-8A11-F46A116881A5}.Release|x86.ActiveCfg = Release|Any CPU
		{2179ECAB-3FC9-4BBA-8A11-F46A116881A5}.Release|x86.Build.0 = Release|Any CPU
		{2AE97A26-AC69-4DE5-88EC-65AAF1B36EC1}.Debug|Any CPU.ActiveCfg = Debug|Any CPU
		{2AE97A26-AC69-4DE5-88EC-65AAF1B36EC1}.Debug|Any CPU.Build.0 = Debug|Any CPU
		{2AE97A26-AC69-4DE5-88EC-65AAF1B36EC1}.Debug|x64.ActiveCfg = Debug|Any CPU
		{2AE97A26-AC69-4DE5-88EC-65AAF1B36EC1}.Debug|x64.Build.0 = Debug|Any CPU
		{2AE97A26-AC69-4DE5-88EC-65AAF1B36EC1}.Debug|x86.ActiveCfg = Debug|Any CPU
		{2AE97A26-AC69-4DE5-88EC-65AAF1B36EC1}.Debug|x86.Build.0 = Debug|Any CPU
		{2AE97A26-AC69-4DE5-88EC-65AAF1B36EC1}.Release|Any CPU.ActiveCfg = Release|Any CPU
		{2AE97A26-AC69-4DE5-88EC-65AAF1B36EC1}.Release|Any CPU.Build.0 = Release|Any CPU
		{2AE97A26-AC69-4DE5-88EC-65AAF1B36EC1}.Release|x64.ActiveCfg = Release|Any CPU
		{2AE97A26-AC69-4DE5-88EC-65AAF1B36EC1}.Release|x64.Build.0 = Release|Any CPU
		{2AE97A26-AC69-4DE5-88EC-65AAF1B36EC1}.Release|x86.ActiveCfg = Release|Any CPU
		{2AE97A26-AC69-4DE5-88EC-65AAF1B36EC1}.Release|x86.Build.0 = Release|Any CPU
		{8DCF819A-A55D-4A61-A6EE-B300FB2D1BDC}.Debug|Any CPU.ActiveCfg = Debug|Any CPU
		{8DCF819A-A55D-4A61-A6EE-B300FB2D1BDC}.Debug|Any CPU.Build.0 = Debug|Any CPU
		{8DCF819A-A55D-4A61-A6EE-B300FB2D1BDC}.Debug|x64.ActiveCfg = Debug|Any CPU
		{8DCF819A-A55D-4A61-A6EE-B300FB2D1BDC}.Debug|x64.Build.0 = Debug|Any CPU
		{8DCF819A-A55D-4A61-A6EE-B300FB2D1BDC}.Debug|x86.ActiveCfg = Debug|Any CPU
		{8DCF819A-A55D-4A61-A6EE-B300FB2D1BDC}.Debug|x86.Build.0 = Debug|Any CPU
		{8DCF819A-A55D-4A61-A6EE-B300FB2D1BDC}.Release|Any CPU.ActiveCfg = Release|Any CPU
		{8DCF819A-A55D-4A61-A6EE-B300FB2D1BDC}.Release|Any CPU.Build.0 = Release|Any CPU
		{8DCF819A-A55D-4A61-A6EE-B300FB2D1BDC}.Release|x64.ActiveCfg = Release|Any CPU
		{8DCF819A-A55D-4A61-A6EE-B300FB2D1BDC}.Release|x64.Build.0 = Release|Any CPU
		{8DCF819A-A55D-4A61-A6EE-B300FB2D1BDC}.Release|x86.ActiveCfg = Release|Any CPU
		{8DCF819A-A55D-4A61-A6EE-B300FB2D1BDC}.Release|x86.Build.0 = Release|Any CPU
	EndGlobalSection
	GlobalSection(SolutionProperties) = preSolution
		HideSolutionNode = FALSE
	EndGlobalSection
	GlobalSection(NestedProjects) = preSolution
		{2A1AAD08-DC03-454F-8C8D-82AC9A8A44CE} = {827E0CD3-B72D-47B6-A68D-7590B98EB39B}
		{4E1C3DFA-03ED-4797-A6A1-47415D6FB660} = {827E0CD3-B72D-47B6-A68D-7590B98EB39B}
		{2179ECAB-3FC9-4BBA-8A11-F46A116881A5} = {827E0CD3-B72D-47B6-A68D-7590B98EB39B}
		{2AE97A26-AC69-4DE5-88EC-65AAF1B36EC1} = {827E0CD3-B72D-47B6-A68D-7590B98EB39B}
		{8DCF819A-A55D-4A61-A6EE-B300FB2D1BDC} = {0AB3BF05-4346-4AA6-1389-037BE0695223}
	EndGlobalSection
EndGlobal
